
Microsoft Visual Studio Solution File, Format Version 12.00
# Visual Studio 15
VisualStudioVersion = 15.0.27428.2037
MinimumVisualStudioVersion = 10.0.40219.1
Project("{FAE04EC0-301F-11D3-BF4B-00C04F79EFBC}") = "Keylogger", "Keylogger\Keylogger.csproj", "{9B214C40-53E3-440F-BE65-AE40E385AB81}"
EndProject
Project("{FAE04EC0-301F-11D3-BF4B-00C04F79EFBC}") = "Audio HD Manager Process", "Audio HD Manager Process\Audio HD Manager Process.csproj", "{7AF72366-90E7-4315-9F9B-3230E6E7CA0D}"
EndProject
Global
	GlobalSection(SolutionConfigurationPlatforms) = preSolution
		Debug|Any CPU = Debug|Any CPU
		Release|Any CPU = Release|Any CPU
	EndGlobalSection
	GlobalSection(ProjectConfigurationPlatforms) = postSolution
		{9B214C40-53E3-440F-BE65-AE40E385AB81}.Debug|Any CPU.ActiveCfg = Debug|Any CPU
		{9B214C40-53E3-440F-BE65-AE40E385AB81}.Debug|Any CPU.Build.0 = Debug|Any CPU
		{9B214C40-53E3-440F-BE65-AE40E385AB81}.Release|Any CPU.ActiveCfg = Release|Any CPU
		{9B214C40-53E3-440F-BE65-AE40E385AB81}.Release|Any CPU.Build.0 = Release|Any CPU
		{7AF72366-90E7-4315-9F9B-3230E6E7CA0D}.Debug|Any CPU.ActiveCfg = Debug|Any CPU
		{7AF72366-90E7-4315-9F9B-3230E6E7CA0D}.Debug|Any CPU.Build.0 = Debug|Any CPU
		{7AF72366-90E7-4315-9F9B-3230E6E7CA0D}.Release|Any CPU.ActiveCfg = Release|Any CPU
		{7AF72366-90E7-4315-9F9B-3230E6E7CA0D}.Release|Any CPU.Build.0 = Release|Any CPU
	EndGlobalSection
	GlobalSection(SolutionProperties) = preSolution
		HideSolutionNode = FALSE
	EndGlobalSection
	GlobalSection(ExtensibilityGlobals) = postSolution
		SolutionGuid = {49EABCD8-DEB0-4BEC-AD66-591780257F28}
	EndGlobalSection
EndGlobal
